// !$*UTF8*$!
{
	archiveVersion = 1;
	classes = {
	};
	objectVersion = 46;
	objects = {

/* Begin PBXBuildFile section */
		746328271A38EAA10009ADB3 /* main.m in Sources */ = {isa = PBXBuildFile; fileRef = 746328261A38EAA10009ADB3 /* main.m */; };
		746328321A38EFE40009ADB3 /* Solution.m in Sources */ = {isa = PBXBuildFile; fileRef = 746328311A38EFE40009ADB3 /* Solution.m */; };
/* End PBXBuildFile section */

/* Begin PBXCopyFilesBuildPhase section */
		746328211A38EAA10009ADB3 /* CopyFiles */ = {
			isa = PBXCopyFilesBuildPhase;
			buildActionMask = 2147483647;
			dstPath = /usr/share/man/man1/;
			dstSubfolderSpec = 0;
			files = (
			);
			runOnlyForDeploymentPostprocessing = 1;
		};
/* End PBXCopyFilesBuildPhase section */

/* Begin PBXFileReference section */
		746328231A38EAA10009ADB3 /* Branches */ = {isa = PBXFileReference; explicitFileType = "compiled.mach-o.executable"; includeInIndex = 0; path = Branches; sourceTree = BUILT_PRODUCTS_DIR; };
		746328261A38EAA10009ADB3 /* main.m */ = {isa = PBXFileReference; lastKnownFileType = sourcecode.c.objc; path = main.m; sourceTree = "<group>"; };
		746328301A38EFE40009ADB3 /* Solution.h */ = {isa = PBXFileReference; fileEncoding = 4; lastKnownFileType = sourcecode.c.h; path = Solution.h; sourceTree = "<group>"; };
		746328311A38EFE40009ADB3 /* Solution.m */ = {isa = PBXFileReference; fileEncoding = 4; lastKnownFileType = sourcecode.c.objc; path = Solution.m; sourceTree = "<group>"; };
/* End PBXFileReference section */

/* Begin PBXFrameworksBuildPhase section */
		746328201A38EAA10009ADB3 /* Frameworks */ = {
			isa = PBXFrameworksBuildPhase;
			buildActionMask = 2147483647;
			files = (
			);
			runOnlyForDeploymentPostprocessing = 0;
		};
/* End PBXFrameworksBuildPhase section */

/* Begin PBXGroup section */
		7463281A1A38EAA10009ADB3 = {
			isa = PBXGroup;
			children = (
				746328251A38EAA10009ADB3 /* Branches */,
				746328241A38EAA10009ADB3 /* Products */,
			);
			sourceTree = "<group>";
		};
		746328241A38EAA10009ADB3 /* Products */ = {
			isa = PBXGroup;
			children = (
				746328231A38EAA10009ADB3 /* Branches */,
			);
			name = Products;
			sourceTree = "<group>";
		};
		746328251A38EAA10009ADB3 /* Branches */ = {
			isa = PBXGroup;
			children = (
				746328261A38EAA10009ADB3 /* main.m */,
				746328301A38EFE40009ADB3 /* Solution.h */,
				746328311A38EFE40009ADB3 /* Solution.m */,
			);
			path = Branches;
			sourceTree = "<group>";
		};
/* End PBXGroup section */

/* Begin PBXNativeTarget section */
		746328221A38EAA10009ADB3 /* Branches */ = {
			isa = PBXNativeTarget;
			buildConfigurationList = 7463282A1A38EAA20009ADB3 /* Build configuration list for PBXNativeTarget "Branches" */;
			buildPhases = (
				7463281F1A38EAA10009ADB3 /* Sources */,
				746328201A38EAA10009ADB3 /* Frameworks */,
				746328211A38EAA10009ADB3 /* CopyFiles */,
			);
			buildRules = (
			);
			dependencies = (
			);
			name = Branches;
			productName = Branches;
			productReference = 746328231A38EAA10009ADB3 /* Branches */;
			productType = "com.apple.product-type.tool";
		};
/* End PBXNativeTarget section */

/* Begin PBXProject section */
		7463281B1A38EAA10009ADB3 /* Project object */ = {
			isa = PBXProject;
			attributes = {
				LastUpgradeCheck = 0610;
				ORGANIZATIONNAME = "Gerald Monaco";
				TargetAttributes = {
					746328221A38EAA10009ADB3 = {
						CreatedOnToolsVersion = 6.1.1;
					};
				};
			};
			buildConfigurationList = 7463281E1A38EAA10009ADB3 /* Build configuration list for PBXProject "Branches" */;
			compatibilityVersion = "Xcode 3.2";
			developmentRegion = English;
			hasScannedForEncodings = 0;
			knownRegions = (
				en,
			);
			mainGroup = 7463281A1A38EAA10009ADB3;
			productRefGroup = 746328241A38EAA10009ADB3 /* Products */;
			projectDirPath = "";
			projectRoot = "";
			targets = (
				746328221A38EAA10009ADB3 /* Branches */,
			);
		};
/* End PBXProject section */

/* Begin PBXSourcesBuildPhase section */
		7463281F1A38EAA10009ADB3 /* Sources */ = {
			isa = PBXSourcesBuildPhase;
			buildActionMask = 2147483647;
			files = (
				746328321A38EFE40009ADB3 /* Solution.m in Sources */,
				746328271A38EAA10009ADB3 /* main.m in Sources */,
			);
			runOnlyForDeploymentPostprocessing = 0;
		};
/* End PBXSourcesBuildPhase section */

/* Begin XCBuildConfiguration section */
		746328281A38EAA20009ADB3 /* Debug */ = {
			isa = XCBuildConfiguration;
			buildSettings = {
				ALWAYS_SEARCH_USER_PATHS = NO;
				CLANG_CXX_LANGUAGE_STANDARD = "gnu++0x";
				CLANG_CXX_LIBRARY = "libc++";
				CLANG_ENABLE_MODULES = YES;
				CLANG_ENABLE_OBJC_ARC = YES;
				CLANG_WARN_BOOL_CONVERSION = YES;
				CLANG_WARN_CONSTANT_CONVERSION = YES;
				CLANG_WARN_DIRECT_OBJC_ISA_USAGE = YES_ERROR;
				CLANG_WARN_EMPTY_BODY = YES;
				CLANG_WARN_ENUM_CONVERSION = YES;
				CLANG_WARN_INT_CONVERSION = YES;
				CLANG_WARN_OBJC_ROOT_CLASS = YES_ERROR;
				CLANG_WARN_UNREACHABLE_CODE = YES;
				CLANG_WARN__DUPLICATE_METHOD_MATCH = YES;
				COPY_PHASE_STRIP = NO;
				ENABLE_STRICT_OBJC_MSGSEND = YES;
				GCC_C_LANGUAGE_STANDARD = gnu99;
				GCC_DYNAMIC_NO_PIC = NO;
				GCC_OPTIMIZATION_LEVEL = 0;
				GCC_PREPROCESSOR_DEFINITIONS = (
					"DEBUG=1",
					"$(inherited)",
				);
				GCC_SYMBOLS_PRIVATE_EXTERN = NO;
				GCC_WARN_64_TO_32_BIT_CONVERSION = YES;
				GCC_WARN_ABOUT_RETURN_TYPE = YES_ERROR;
				GCC_WARN_UNDECLARED_SELECTOR = YES;
				GCC_WARN_UNINITIALIZED_AUTOS = YES_AGGRESSIVE;
				GCC_WARN_UNUSED_FUNCTION = YES;
				GCC_WARN_UNUSED_VARIABLE = YES;
				MACOSX_DEPLOYMENT_TARGET = 10.10;
				MTL_ENABLE_DEBUG_INFO = YES;
				ONLY_ACTIVE_ARCH = YES;
				SDKROOT = macosx;
			};
			name = Debug;
		};
		746328291A38EAA20009ADB3 /* Release */ = {
			isa = XCBuildConfiguration;
			buildSettings = {
				ALWAYS_SEARCH_USER_PATHS = NO;
				CLANG_CXX_LANGUAGE_STANDARD = "gnu++0x";
				CLANG_CXX_LIBRARY = "libc++";
				CLANG_ENABLE_MODULES = YES;
				CLANG_ENABLE_OBJC_ARC = YES;
				CLANG_WARN_BOOL_CONVERSION = YES;
				CLANG_WARN_CONSTANT_CONVERSION = YES;
				CLANG_WARN_DIRECT_OBJC_ISA_USAGE = YES_ERROR;
				CLANG_WARN_EMPTY_BODY = YES;
				CLANG_WARN_ENUM_CONVERSION = YES;
				CLANG_WARN_INT_CONVERSION = YES;
				CLANG_WARN_OBJC_ROOT_CLASS = YES_ERROR;
				CLANG_WARN_UNREACHABLE_CODE = YES;
				CLANG_WARN__DUPLICATE_METHOD_MATCH = YES;
				COPY_PHASE_STRIP = YES;
				DEBUG_INFORMATION_FORMAT = "dwarf-with-dsym";
				ENABLE_NS_ASSERTIONS = NO;
				ENABLE_STRICT_OBJC_MSGSEND = YES;
				GCC_C_LANGUAGE_STANDARD = gnu99;
				GCC_WARN_64_TO_32_BIT_CONVERSION = YES;
				GCC_WARN_ABOUT_RETURN_TYPE = YES_ERROR;
				GCC_WARN_UNDECLARED_SELECTOR = YES;
				GCC_WARN_UNINITIALIZED_AUTOS = YES_AGGRESSIVE;
				GCC_WARN_UNUSED_FUNCTION = YES;
				GCC_WARN_UNUSED_VARIABLE = YES;
				MACOSX_DEPLOYMENT_TARGET = 10.10;
				MTL_ENABLE_DEBUG_INFO = NO;
				SDKROOT = macosx;
			};
			name = Release;
		};
		7463282B1A38EAA20009ADB3 /* Debug */ = {
			isa = XCBuildConfiguration;
			buildSettings = {
				PRODUCT_NAME = "$(TARGET_NAME)";
			};
			name = Debug;
		};
		7463282C1A38EAA20009ADB3 /* Release */ = {
			isa = XCBuildConfiguration;
			buildSettings = {
				PRODUCT_NAME = "$(TARGET_NAME)";
			};
			name = Release;
		};
/* End XCBuildConfiguration section */

/* Begin XCConfigurationList section */
		7463281E1A38EAA10009ADB3 /* Build configuration list for PBXProject "Branches" */ = {
			isa = XCConfigurationList;
			buildConfigurations = (
				746328281A38EAA20009ADB3 /* Debug */,
				746328291A38EAA20009ADB3 /* Release */,
			);
			defaultConfigurationIsVisible = 0;
			defaultConfigurationName = Release;
		};
		7463282A1A38EAA20009ADB3 /* Build configuration list for PBXNativeTarget "Branches" */ = {
			isa = XCConfigurationList;
			buildConfigurations = (
				7463282B1A38EAA20009ADB3 /* Debug */,
				7463282C1A38EAA20009ADB3 /* Release */,
			);
			defaultConfigurationIsVisible = 0;
		};
/* End XCConfigurationList section */
	};
	rootObject = 7463281B1A38EAA10009ADB3 /* Project object */;
}
